
Microsoft Visual Studio Solution File, Format Version 12.00
# Visual Studio Version 16
VisualStudioVersion = 16.0.31205.134
MinimumVisualStudioVersion = 10.0.40219.1
Project("{FAE04EC0-301F-11D3-BF4B-00C04F79EFBC}") = "CarShop", "CarShop.csproj", "{7180C21D-5030-4B14-82B7-A14FE0139C65}"
EndProject
Global
	GlobalSection(SolutionConfigurationPlatforms) = preSolution
		Debug|Any CPU = Debug|Any CPU
		Release|Any CPU = Release|Any CPU
	EndGlobalSection
	GlobalSection(ProjectConfigurationPlatforms) = postSolution
		{7180C21D-5030-4B14-82B7-A14FE0139C65}.Debug|Any CPU.ActiveCfg = Debug|Any CPU
		{7180C21D-5030-4B14-82B7-A14FE0139C65}.Debug|Any CPU.Build.0 = Debug|Any CPU
		{7180C21D-5030-4B14-82B7-A14FE0139C65}.Release|Any CPU.ActiveCfg = Release|Any CPU
		{7180C21D-5030-4B14-82B7-A14FE0139C65}.Release|Any CPU.Build.0 = Release|Any CPU
	EndGlobalSection
	GlobalSection(SolutionProperties) = preSolution
		HideSolutionNode = FALSE
	EndGlobalSection
	GlobalSection(ExtensibilityGlobals) = postSolution
		SolutionGuid = {E34B9307-DBCD-4027-92F4-43119D86036A}
	EndGlobalSection
EndGlobal
